
Microsoft Visual Studio Solution File, Format Version 12.00
# Visual Studio 15
VisualStudioVersion = 15.0.28010.0
MinimumVisualStudioVersion = 10.0.40219.1
Project("{9A19103F-16F7-4668-BE54-9A1E7A4F7556}") = "CircularBuffer", "CircularBuffer\CircularBuffer.csproj", "{35820176-B3A9-42A6-AA92-B2B7C33CD146}"
EndProject
Project("{FAE04EC0-301F-11D3-BF4B-00C04F79EFBC}") = "CircularBuffer.Tests", "CircularBuffer.Tests\CircularBuffer.Tests.csproj", "{584F3A6B-8FD0-472F-98DF-6FCDC3E3BE1D}"
EndProject
Global
	GlobalSection(SolutionConfigurationPlatforms) = preSolution
		Debug|Any CPU = Debug|Any CPU
		Release|Any CPU = Release|Any CPU
	EndGlobalSection
	GlobalSection(ProjectConfigurationPlatforms) = postSolution
		{35820176-B3A9-42A6-AA92-B2B7C33CD146}.Debug|Any CPU.ActiveCfg = Debug|Any CPU
		{35820176-B3A9-42A6-AA92-B2B7C33CD146}.Debug|Any CPU.Build.0 = Debug|Any CPU
		{35820176-B3A9-42A6-AA92-B2B7C33CD146}.Release|Any CPU.ActiveCfg = Release|Any CPU
		{35820176-B3A9-42A6-AA92-B2B7C33CD146}.Release|Any CPU.Build.0 = Release|Any CPU
		{584F3A6B-8FD0-472F-98DF-6FCDC3E3BE1D}.Debug|Any CPU.ActiveCfg = Debug|Any CPU
		{584F3A6B-8FD0-472F-98DF-6FCDC3E3BE1D}.Debug|Any CPU.Build.0 = Debug|Any CPU
		{584F3A6B-8FD0-472F-98DF-6FCDC3E3BE1D}.Release|Any CPU.ActiveCfg = Release|Any CPU
		{584F3A6B-8FD0-472F-98DF-6FCDC3E3BE1D}.Release|Any CPU.Build.0 = Release|Any CPU
	EndGlobalSection
	GlobalSection(SolutionProperties) = preSolution
		HideSolutionNode = FALSE
	EndGlobalSection
	GlobalSection(ExtensibilityGlobals) = postSolution
		SolutionGuid = {3EB6097F-0CA6-4732-BCDC-93B8EBCDBA81}
	EndGlobalSection
EndGlobal
